{
  "name": "SmartCV",
  "lockfileVersion": 3,
  "requires": true,
  "packages": {
    "": {
      "dependencies": {
        "jspdf-autotable": "^5.0.7"
      }
    },
    "node_modules/jspdf-autotable": {
      "version": "5.0.7",
      "resolved": "https://registry.npmjs.org/jspdf-autotable/-/jspdf-autotable-5.0.7.tgz",
      "integrity": "sha512-2wr7H6liNDBYNwt25hMQwXkEWFOEopgKIvR1Eukuw6Zmprm/ZcnmLTQEjW7Xx3FCbD3v7pflLcnMAv/h1jFDQw==",
      "license": "MIT",
      "peerDependencies": {
        "jspdf": "^2 || ^3 || ^4"
      }
    }
  }
}
